
Microsoft Visual Studio Solution File, Format Version 12.00
# Visual Studio Version 17
VisualStudioVersion = 17.8.34525.116
MinimumVisualStudioVersion = 10.0.40219.1
Project("{FAE04EC0-301F-11D3-BF4B-00C04F79EFBC}") = "TS.TasksService", "TS.TasksService\TS.TasksService.csproj", "{C67BD73D-536F-4A4A-B429-DD3320D3D248}"
EndProject
Project("{FAE04EC0-301F-11D3-BF4B-00C04F79EFBC}") = "TS.NotesService", "TS.NotesService\TS.NotesService.csproj", "{30B94757-46CD-4B2C-A0D5-84C252666BDC}"
EndProject
Project("{FAE04EC0-301F-11D3-BF4B-00C04F79EFBC}") = "TS.IdentityService", "TS.IdentityService\TS.IdentityService.csproj", "{63C3F6B2-3109-4EBC-BEA4-7F7F082A00B6}"
EndProject
Project("{FAE04EC0-301F-11D3-BF4B-00C04F79EFBC}") = "TS.ApiGateway", "TS.ApiGateway\TS.ApiGateway.csproj", "{A52689F9-1FCC-45A4-8B6D-EBD363CB8B4F}"
EndProject
Project("{FAE04EC0-301F-11D3-BF4B-00C04F79EFBC}") = "TS.Web", "TS.Web\TS.Web.csproj", "{CCE9D7FF-0A05-4C2D-B4C2-8CFE94439338}"
EndProject
Global
	GlobalSection(SolutionConfigurationPlatforms) = preSolution
		Debug|Any CPU = Debug|Any CPU
		Release|Any CPU = Release|Any CPU
	EndGlobalSection
	GlobalSection(ProjectConfigurationPlatforms) = postSolution
		{C67BD73D-536F-4A4A-B429-DD3320D3D248}.Debug|Any CPU.ActiveCfg = Debug|Any CPU
		{C67BD73D-536F-4A4A-B429-DD3320D3D248}.Debug|Any CPU.Build.0 = Debug|Any CPU
		{C67BD73D-536F-4A4A-B429-DD3320D3D248}.Release|Any CPU.ActiveCfg = Release|Any CPU
		{C67BD73D-536F-4A4A-B429-DD3320D3D248}.Release|Any CPU.Build.0 = Release|Any CPU
		{30B94757-46CD-4B2C-A0D5-84C252666BDC}.Debug|Any CPU.ActiveCfg = Debug|Any CPU
		{30B94757-46CD-4B2C-A0D5-84C252666BDC}.Debug|Any CPU.Build.0 = Debug|Any CPU
		{30B94757-46CD-4B2C-A0D5-84C252666BDC}.Release|Any CPU.ActiveCfg = Release|Any CPU
		{30B94757-46CD-4B2C-A0D5-84C252666BDC}.Release|Any CPU.Build.0 = Release|Any CPU
		{63C3F6B2-3109-4EBC-BEA4-7F7F082A00B6}.Debug|Any CPU.ActiveCfg = Debug|Any CPU
		{63C3F6B2-3109-4EBC-BEA4-7F7F082A00B6}.Debug|Any CPU.Build.0 = Debug|Any CPU
		{63C3F6B2-3109-4EBC-BEA4-7F7F082A00B6}.Release|Any CPU.ActiveCfg = Release|Any CPU
		{63C3F6B2-3109-4EBC-BEA4-7F7F082A00B6}.Release|Any CPU.Build.0 = Release|Any CPU
		{A52689F9-1FCC-45A4-8B6D-EBD363CB8B4F}.Debug|Any CPU.ActiveCfg = Debug|Any CPU
		{A52689F9-1FCC-45A4-8B6D-EBD363CB8B4F}.Debug|Any CPU.Build.0 = Debug|Any CPU
		{A52689F9-1FCC-45A4-8B6D-EBD363CB8B4F}.Release|Any CPU.ActiveCfg = Release|Any CPU
		{A52689F9-1FCC-45A4-8B6D-EBD363CB8B4F}.Release|Any CPU.Build.0 = Release|Any CPU
		{CCE9D7FF-0A05-4C2D-B4C2-8CFE94439338}.Debug|Any CPU.ActiveCfg = Debug|Any CPU
		{CCE9D7FF-0A05-4C2D-B4C2-8CFE94439338}.Debug|Any CPU.Build.0 = Debug|Any CPU
		{CCE9D7FF-0A05-4C2D-B4C2-8CFE94439338}.Release|Any CPU.ActiveCfg = Release|Any CPU
		{CCE9D7FF-0A05-4C2D-B4C2-8CFE94439338}.Release|Any CPU.Build.0 = Release|Any CPU
	EndGlobalSection
	GlobalSection(SolutionProperties) = preSolution
		HideSolutionNode = FALSE
	EndGlobalSection
	GlobalSection(ExtensibilityGlobals) = postSolution
		SolutionGuid = {8350D020-2704-41B4-A445-82DA9ABBD7FE}
	EndGlobalSection
EndGlobal
